
Microsoft Visual Studio Solution File, Format Version 12.00
# Visual Studio Version 17
VisualStudioVersion = 17.10.34928.147
MinimumVisualStudioVersion = 10.0.40219.1
Project("{FAE04EC0-301F-11D3-BF4B-00C04F79EFBC}") = "PowerMill_Helper", "PowerMill_Helper\PowerMill_Helper.csproj", "{22CB4B6F-FBD7-4408-BD4A-E5BE0EDA610E}"
EndProject
Project("{FAE04EC0-301F-11D3-BF4B-00C04F79EFBC}") = "PluginFramework", "PluginFramework40\PluginFramework.csproj", "{A6706C9C-D607-48E5-8B53-FD859EA8DDD9}"
EndProject
Project("{FAE04EC0-301F-11D3-BF4B-00C04F79EFBC}") = "SanNiuSignal", "..\..\SanniuSignal\TongXing\SanNiuSignal.csproj", "{29DD1B2B-11C0-440E-A791-6E7FB20D3EB7}"
EndProject
Project("{FAE04EC0-301F-11D3-BF4B-00C04F79EFBC}") = "PMHelperService", "PMHelperService\PMHelperService.csproj", "{1ABD14D5-146C-4E0C-A63F-E0789A4C6628}"
EndProject
Project("{FAE04EC0-301F-11D3-BF4B-00C04F79EFBC}") = "PM_Server", "..\..\PM_Server\PM_Server.csproj", "{F4E25949-2ADD-9949-DFD7-58EA5E8B5977}"
EndProject
Global
	GlobalSection(SolutionConfigurationPlatforms) = preSolution
		Debug|Any CPU = Debug|Any CPU
		Debug|x86 = Debug|x86
		Release|Any CPU = Release|Any CPU
		Release|x86 = Release|x86
	EndGlobalSection
	GlobalSection(ProjectConfigurationPlatforms) = postSolution
		{22CB4B6F-FBD7-4408-BD4A-E5BE0EDA610E}.Debug|Any CPU.ActiveCfg = Debug|Any CPU
		{22CB4B6F-FBD7-4408-BD4A-E5BE0EDA610E}.Debug|Any CPU.Build.0 = Debug|Any CPU
		{22CB4B6F-FBD7-4408-BD4A-E5BE0EDA610E}.Debug|x86.ActiveCfg = Debug|Any CPU
		{22CB4B6F-FBD7-4408-BD4A-E5BE0EDA610E}.Debug|x86.Build.0 = Debug|Any CPU
		{22CB4B6F-FBD7-4408-BD4A-E5BE0EDA610E}.Release|Any CPU.ActiveCfg = Release|Any CPU
		{22CB4B6F-FBD7-4408-BD4A-E5BE0EDA610E}.Release|Any CPU.Build.0 = Release|Any CPU
		{22CB4B6F-FBD7-4408-BD4A-E5BE0EDA610E}.Release|x86.ActiveCfg = Release|Any CPU
		{22CB4B6F-FBD7-4408-BD4A-E5BE0EDA610E}.Release|x86.Build.0 = Release|Any CPU
		{A6706C9C-D607-48E5-8B53-FD859EA8DDD9}.Debug|Any CPU.ActiveCfg = Debug|Any CPU
		{A6706C9C-D607-48E5-8B53-FD859EA8DDD9}.Debug|Any CPU.Build.0 = Debug|Any CPU
		{A6706C9C-D607-48E5-8B53-FD859EA8DDD9}.Debug|x86.ActiveCfg = Debug|Any CPU
		{A6706C9C-D607-48E5-8B53-FD859EA8DDD9}.Debug|x86.Build.0 = Debug|Any CPU
		{A6706C9C-D607-48E5-8B53-FD859EA8DDD9}.Release|Any CPU.ActiveCfg = Release|Any CPU
		{A6706C9C-D607-48E5-8B53-FD859EA8DDD9}.Release|Any CPU.Build.0 = Release|Any CPU
		{A6706C9C-D607-48E5-8B53-FD859EA8DDD9}.Release|x86.ActiveCfg = Release|Any CPU
		{A6706C9C-D607-48E5-8B53-FD859EA8DDD9}.Release|x86.Build.0 = Release|Any CPU
		{29DD1B2B-11C0-440E-A791-6E7FB20D3EB7}.Debug|Any CPU.ActiveCfg = Debug|Any CPU
		{29DD1B2B-11C0-440E-A791-6E7FB20D3EB7}.Debug|Any CPU.Build.0 = Debug|Any CPU
		{29DD1B2B-11C0-440E-A791-6E7FB20D3EB7}.Debug|x86.ActiveCfg = Debug|Any CPU
		{29DD1B2B-11C0-440E-A791-6E7FB20D3EB7}.Debug|x86.Build.0 = Debug|Any CPU
		{29DD1B2B-11C0-440E-A791-6E7FB20D3EB7}.Release|Any CPU.ActiveCfg = Release|Any CPU
		{29DD1B2B-11C0-440E-A791-6E7FB20D3EB7}.Release|Any CPU.Build.0 = Release|Any CPU
		{29DD1B2B-11C0-440E-A791-6E7FB20D3EB7}.Release|x86.ActiveCfg = Release|Any CPU
		{29DD1B2B-11C0-440E-A791-6E7FB20D3EB7}.Release|x86.Build.0 = Release|Any CPU
		{1ABD14D5-146C-4E0C-A63F-E0789A4C6628}.Debug|Any CPU.ActiveCfg = Debug|Any CPU
		{1ABD14D5-146C-4E0C-A63F-E0789A4C6628}.Debug|Any CPU.Build.0 = Debug|Any CPU
		{1ABD14D5-146C-4E0C-A63F-E0789A4C6628}.Debug|x86.ActiveCfg = Debug|Any CPU
		{1ABD14D5-146C-4E0C-A63F-E0789A4C6628}.Debug|x86.Build.0 = Debug|Any CPU
		{1ABD14D5-146C-4E0C-A63F-E0789A4C6628}.Release|Any CPU.ActiveCfg = Release|Any CPU
		{1ABD14D5-146C-4E0C-A63F-E0789A4C6628}.Release|Any CPU.Build.0 = Release|Any CPU
		{1ABD14D5-146C-4E0C-A63F-E0789A4C6628}.Release|x86.ActiveCfg = Release|Any CPU
		{1ABD14D5-146C-4E0C-A63F-E0789A4C6628}.Release|x86.Build.0 = Release|Any CPU
		{F4E25949-2ADD-9949-DFD7-58EA5E8B5977}.Debug|Any CPU.ActiveCfg = Debug|Any CPU
		{F4E25949-2ADD-9949-DFD7-58EA5E8B5977}.Debug|Any CPU.Build.0 = Debug|Any CPU
		{F4E25949-2ADD-9949-DFD7-58EA5E8B5977}.Debug|x86.ActiveCfg = Debug|Any CPU
		{F4E25949-2ADD-9949-DFD7-58EA5E8B5977}.Debug|x86.Build.0 = Debug|Any CPU
		{F4E25949-2ADD-9949-DFD7-58EA5E8B5977}.Release|Any CPU.ActiveCfg = Release|Any CPU
		{F4E25949-2ADD-9949-DFD7-58EA5E8B5977}.Release|Any CPU.Build.0 = Release|Any CPU
		{F4E25949-2ADD-9949-DFD7-58EA5E8B5977}.Release|x86.ActiveCfg = Release|Any CPU
		{F4E25949-2ADD-9949-DFD7-58EA5E8B5977}.Release|x86.Build.0 = Release|Any CPU
	EndGlobalSection
	GlobalSection(SolutionProperties) = preSolution
		HideSolutionNode = FALSE
	EndGlobalSection
	GlobalSection(ExtensibilityGlobals) = postSolution
		SolutionGuid = {2196E062-1AFE-4152-A30B-2ABB15031753}
	EndGlobalSection
EndGlobal
